
Microsoft Visual Studio Solution File, Format Version 12.00
# Visual Studio Version 17
VisualStudioVersion = 17.12.35506.116 d17.12
MinimumVisualStudioVersion = 10.0.40219.1
Project("{FAE04EC0-301F-11D3-BF4B-00C04F79EFBC}") = "Gallery.Web", "Gallery.Web.csproj", "{7AC06D6C-1558-4921-B206-B9EAE1FCC148}"
EndProject
Project("{FAE04EC0-301F-11D3-BF4B-00C04F79EFBC}") = "Gallery.Data", "..\Gallery.Data\Gallery.Data.csproj", "{DCB7B41F-15E3-4BD2-9517-723157CCF9A7}"
EndProject
Project("{FAE04EC0-301F-11D3-BF4B-00C04F79EFBC}") = "Gallery.Services", "..\Gallery.Services\Gallery.Services.csproj", "{B0C00420-D834-4F8E-900B-9A3E89FDD6F7}"
EndProject
Global
	GlobalSection(SolutionConfigurationPlatforms) = preSolution
		Debug|Any CPU = Debug|Any CPU
		Release|Any CPU = Release|Any CPU
	EndGlobalSection
	GlobalSection(ProjectConfigurationPlatforms) = postSolution
		{7AC06D6C-1558-4921-B206-B9EAE1FCC148}.Debug|Any CPU.ActiveCfg = Debug|Any CPU
		{7AC06D6C-1558-4921-B206-B9EAE1FCC148}.Debug|Any CPU.Build.0 = Debug|Any CPU
		{7AC06D6C-1558-4921-B206-B9EAE1FCC148}.Release|Any CPU.ActiveCfg = Release|Any CPU
		{7AC06D6C-1558-4921-B206-B9EAE1FCC148}.Release|Any CPU.Build.0 = Release|Any CPU
		{DCB7B41F-15E3-4BD2-9517-723157CCF9A7}.Debug|Any CPU.ActiveCfg = Debug|Any CPU
		{DCB7B41F-15E3-4BD2-9517-723157CCF9A7}.Debug|Any CPU.Build.0 = Debug|Any CPU
		{DCB7B41F-15E3-4BD2-9517-723157CCF9A7}.Release|Any CPU.ActiveCfg = Release|Any CPU
		{DCB7B41F-15E3-4BD2-9517-723157CCF9A7}.Release|Any CPU.Build.0 = Release|Any CPU
		{B0C00420-D834-4F8E-900B-9A3E89FDD6F7}.Debug|Any CPU.ActiveCfg = Debug|Any CPU
		{B0C00420-D834-4F8E-900B-9A3E89FDD6F7}.Debug|Any CPU.Build.0 = Debug|Any CPU
		{B0C00420-D834-4F8E-900B-9A3E89FDD6F7}.Release|Any CPU.ActiveCfg = Release|Any CPU
		{B0C00420-D834-4F8E-900B-9A3E89FDD6F7}.Release|Any CPU.Build.0 = Release|Any CPU
	EndGlobalSection
	GlobalSection(SolutionProperties) = preSolution
		HideSolutionNode = FALSE
	EndGlobalSection
EndGlobal
